// !$*UTF8*$!
{
	archiveVersion = 1;
	classes = {
	};
	objectVersion = 52;
	objects = {

/* Begin PBXBuildFile section */
		9EB6A7B326E3EA4E007DEF4F /* AppDelegate.swift in Sources */ = {isa = PBXBuildFile; fileRef = 9EB6A7B226E3EA4E007DEF4F /* AppDelegate.swift */; };
		9EB6A7B526E3EA4E007DEF4F /* SceneDelegate.swift in Sources */ = {isa = PBXBuildFile; fileRef = 9EB6A7B426E3EA4E007DEF4F /* SceneDelegate.swift */; };
		9EB6A7B726E3EA4E007DEF4F /* ViewController.swift in Sources */ = {isa = PBXBuildFile; fileRef = 9EB6A7B626E3EA4E007DEF4F /* ViewController.swift */; };
		9EB6A7BA26E3EA4E007DEF4F /* Main.storyboard in Resources */ = {isa = PBXBuildFile; fileRef = 9EB6A7B826E3EA4E007DEF4F /* Main.storyboard */; };
		9EB6A7BC26E3EA4F007DEF4F /* Assets.xcassets in Resources */ = {isa = PBXBuildFile; fileRef = 9EB6A7BB26E3EA4F007DEF4F /* Assets.xcassets */; };
		9EB6A7BF26E3EA4F007DEF4F /* LaunchScreen.storyboard in Resources */ = {isa = PBXBuildFile; fileRef = 9EB6A7BD26E3EA4F007DEF4F /* LaunchScreen.storyboard */; };
		9EB6A7CA26E3EA4F007DEF4F /* ExampleProjectTests.swift in Sources */ = {isa = PBXBuildFile; fileRef = 9EB6A7C926E3EA4F007DEF4F /* ExampleProjectTests.swift */; };
		9EB6A7D526E3EA4F007DEF4F /* ExampleProjectUITests.swift in Sources */ = {isa = PBXBuildFile; fileRef = 9EB6A7D426E3EA4F007DEF4F /* ExampleProjectUITests.swift */; };
		9EB6A7E426E3EA64007DEF4F /* FBSnapshotTestCase in Frameworks */ = {isa = PBXBuildFile; productRef = 9EB6A7E326E3EA64007DEF4F /* FBSnapshotTestCase */; };
		9EB6A7E526E3EA64007DEF4F /* FBSnapshotTestCase in Embed Frameworks */ = {isa = PBXBuildFile; productRef = 9EB6A7E326E3EA64007DEF4F /* FBSnapshotTestCase */; settings = {ATTRIBUTES = (CodeSignOnCopy, ); }; };
		E602FA7D28B805BF008317D7 /* FacebookCore in Frameworks */ = {isa = PBXBuildFile; productRef = E602FA7C28B805BF008317D7 /* FacebookCore */; };
		E602FA7F28B805BF008317D7 /* FacebookLogin in Frameworks */ = {isa = PBXBuildFile; productRef = E602FA7E28B805BF008317D7 /* FacebookLogin */; };
		E602FA8128B805BF008317D7 /* FacebookShare in Frameworks */ = {isa = PBXBuildFile; productRef = E602FA8028B805BF008317D7 /* FacebookShare */; };
		E66F3C9B28ADD721009AD05F /* Alamofire in Frameworks */ = {isa = PBXBuildFile; productRef = E66F3C9A28ADD721009AD05F /* Alamofire */; };
		E66F3C9E28ADD73B009AD05F /* SwiftyJSONAPI in Frameworks */ = {isa = PBXBuildFile; productRef = E66F3C9D28ADD73B009AD05F /* SwiftyJSONAPI */; };
		E66F3CA128ADD75A009AD05F /* OHHTTPStubs in Frameworks */ = {isa = PBXBuildFile; productRef = E66F3CA028ADD75A009AD05F /* OHHTTPStubs */; };
		E66F3CA328ADD75A009AD05F /* OHHTTPStubsSwift in Frameworks */ = {isa = PBXBuildFile; productRef = E66F3CA228ADD75A009AD05F /* OHHTTPStubsSwift */; };
		E66F3CA628ADD76F009AD05F /* Heap in Frameworks */ = {isa = PBXBuildFile; productRef = E66F3CA528ADD76F009AD05F /* Heap */; };
		E66F3CA928ADD784009AD05F /* SnapKit in Frameworks */ = {isa = PBXBuildFile; productRef = E66F3CA828ADD784009AD05F /* SnapKit */; };
		E66F3CAC28ADD7A3009AD05F /* SailthruMobile in Frameworks */ = {isa = PBXBuildFile; productRef = E66F3CAB28ADD7A3009AD05F /* SailthruMobile */; };
		E66F3CAF28ADD7BB009AD05F /* Castle in Frameworks */ = {isa = PBXBuildFile; productRef = E66F3CAE28ADD7BB009AD05F /* Castle */; };
		E66F3CB228ADD7DE009AD05F /* Rswift in Frameworks */ = {isa = PBXBuildFile; productRef = E66F3CB128ADD7DE009AD05F /* Rswift */; };
		E66F3CB428ADD7DE009AD05F /* RswiftDynamic in Frameworks */ = {isa = PBXBuildFile; productRef = E66F3CB328ADD7DE009AD05F /* RswiftDynamic */; };
		E66F3CB728ADD7FB009AD05F /* Nuke in Frameworks */ = {isa = PBXBuildFile; productRef = E66F3CB628ADD7FB009AD05F /* Nuke */; };
		E66F3CBA28ADD818009AD05F /* ReactiveSwift in Frameworks */ = {isa = PBXBuildFile; productRef = E66F3CB928ADD818009AD05F /* ReactiveSwift */; };
		E66F3CBD28ADD8AB009AD05F /* ReactiveCocoa in Frameworks */ = {isa = PBXBuildFile; productRef = E66F3CBC28ADD8AB009AD05F /* ReactiveCocoa */; };
		E66F3CC028ADD8C4009AD05F /* Branch in Frameworks */ = {isa = PBXBuildFile; productRef = E66F3CBF28ADD8C4009AD05F /* Branch */; };
		E66F3CC328ADD8F4009AD05F /* kustomer-ios in Frameworks */ = {isa = PBXBuildFile; productRef = E66F3CC228ADD8F4009AD05F /* kustomer-ios */; };
		E66F3CC628ADD987009AD05F /* Realm in Frameworks */ = {isa = PBXBuildFile; productRef = E66F3CC528ADD987009AD05F /* Realm */; };
		E66F3CC828ADD987009AD05F /* RealmSwift in Frameworks */ = {isa = PBXBuildFile; productRef = E66F3CC728ADD987009AD05F /* RealmSwift */; };
		E66F3CCB28ADD9B0009AD05F /* IQKeyboardManagerSwift in Frameworks */ = {isa = PBXBuildFile; productRef = E66F3CCA28ADD9B0009AD05F /* IQKeyboardManagerSwift */; };
		E66F3CCE28ADD9C4009AD05F /* GoogleSignIn in Frameworks */ = {isa = PBXBuildFile; productRef = E66F3CCD28ADD9C4009AD05F /* GoogleSignIn */; };
		E66F3CD028ADD9C4009AD05F /* GoogleSignInSwift in Frameworks */ = {isa = PBXBuildFile; productRef = E66F3CCF28ADD9C4009AD05F /* GoogleSignInSwift */; };
		E66F3CD328ADD9E9009AD05F /* Dwifft in Frameworks */ = {isa = PBXBuildFile; productRef = E66F3CD228ADD9E9009AD05F /* Dwifft */; };
		E66F3CD628ADDA3B009AD05F /* FirebaseAnalytics in Frameworks */ = {isa = PBXBuildFile; productRef = E66F3CD528ADDA3B009AD05F /* FirebaseAnalytics */; };
		E66F3CD828ADDA3B009AD05F /* FirebaseAnalyticsSwift in Frameworks */ = {isa = PBXBuildFile; productRef = E66F3CD728ADDA3B009AD05F /* FirebaseAnalyticsSwift */; };
		E66F3CDA28ADDA3B009AD05F /* FirebaseAnalyticsWithoutAdIdSupport in Frameworks */ = {isa = PBXBuildFile; productRef = E66F3CD928ADDA3B009AD05F /* FirebaseAnalyticsWithoutAdIdSupport */; };
		E66F3CDC28ADDA3B009AD05F /* FirebaseCrashlytics in Frameworks */ = {isa = PBXBuildFile; productRef = E66F3CDB28ADDA3B009AD05F /* FirebaseCrashlytics */; };
		E66F3CDE28ADDA3B009AD05F /* FirebasePerformance in Frameworks */ = {isa = PBXBuildFile; productRef = E66F3CDD28ADDA3B009AD05F /* FirebasePerformance */; };
		E66F3CE128ADDA66009AD05F /* JLRoutes in Frameworks */ = {isa = PBXBuildFile; productRef = E66F3CE028ADDA66009AD05F /* JLRoutes */; };
		E6FC7B9128AC477C00B6C850 /* FacebookCore in Frameworks */ = {isa = PBXBuildFile; productRef = E6FC7B9028AC477C00B6C850 /* FacebookCore */; };
		E6FC7B9328AC477C00B6C850 /* FacebookLogin in Frameworks */ = {isa = PBXBuildFile; productRef = E6FC7B9228AC477C00B6C850 /* FacebookLogin */; };
		E6FC7B9528AC477C00B6C850 /* FacebookShare in Frameworks */ = {isa = PBXBuildFile; productRef = E6FC7B9428AC477C00B6C850 /* FacebookShare */; };
/* End PBXBuildFile section */

/* Begin PBXContainerItemProxy section */
		9EB6A7C626E3EA4F007DEF4F /* PBXContainerItemProxy */ = {
			isa = PBXContainerItemProxy;
			containerPortal = 9EB6A7A726E3EA4E007DEF4F /* Project object */;
			proxyType = 1;
			remoteGlobalIDString = 9EB6A7AE26E3EA4E007DEF4F;
			remoteInfo = ExampleProject;
		};
		9EB6A7D126E3EA4F007DEF4F /* PBXContainerItemProxy */ = {
			isa = PBXContainerItemProxy;
			containerPortal = 9EB6A7A726E3EA4E007DEF4F /* Project object */;
			proxyType = 1;
			remoteGlobalIDString = 9EB6A7AE26E3EA4E007DEF4F;
			remoteInfo = ExampleProject;
		};
/* End PBXContainerItemProxy section */

/* Begin PBXCopyFilesBuildPhase section */
		9EB6A7E626E3EA64007DEF4F /* Embed Frameworks */ = {
			isa = PBXCopyFilesBuildPhase;
			buildActionMask = 2147483647;
			dstPath = "";
			dstSubfolderSpec = 10;
			files = (
				9EB6A7E526E3EA64007DEF4F /* FBSnapshotTestCase in Embed Frameworks */,
			);
			name = "Embed Frameworks";
			runOnlyForDeploymentPostprocessing = 0;
		};
/* End PBXCopyFilesBuildPhase section */

/* Begin PBXFileReference section */
		9EB6A7AF26E3EA4E007DEF4F /* ExampleProject.app */ = {isa = PBXFileReference; explicitFileType = wrapper.application; includeInIndex = 0; path = ExampleProject.app; sourceTree = BUILT_PRODUCTS_DIR; };
		9EB6A7B226E3EA4E007DEF4F /* AppDelegate.swift */ = {isa = PBXFileReference; lastKnownFileType = sourcecode.swift; path = AppDelegate.swift; sourceTree = "<group>"; };
		9EB6A7B426E3EA4E007DEF4F /* SceneDelegate.swift */ = {isa = PBXFileReference; lastKnownFileType = sourcecode.swift; path = SceneDelegate.swift; sourceTree = "<group>"; };
		9EB6A7B626E3EA4E007DEF4F /* ViewController.swift */ = {isa = PBXFileReference; lastKnownFileType = sourcecode.swift; path = ViewController.swift; sourceTree = "<group>"; };
		9EB6A7B926E3EA4E007DEF4F /* Base */ = {isa = PBXFileReference; lastKnownFileType = file.storyboard; name = Base; path = Base.lproj/Main.storyboard; sourceTree = "<group>"; };
		9EB6A7BB26E3EA4F007DEF4F /* Assets.xcassets */ = {isa = PBXFileReference; lastKnownFileType = folder.assetcatalog; path = Assets.xcassets; sourceTree = "<group>"; };
		9EB6A7BE26E3EA4F007DEF4F /* Base */ = {isa = PBXFileReference; lastKnownFileType = file.storyboard; name = Base; path = Base.lproj/LaunchScreen.storyboard; sourceTree = "<group>"; };
		9EB6A7C026E3EA4F007DEF4F /* Info.plist */ = {isa = PBXFileReference; lastKnownFileType = text.plist.xml; path = Info.plist; sourceTree = "<group>"; };
		9EB6A7C526E3EA4F007DEF4F /* ExampleProjectTests.xctest */ = {isa = PBXFileReference; explicitFileType = wrapper.cfbundle; includeInIndex = 0; path = ExampleProjectTests.xctest; sourceTree = BUILT_PRODUCTS_DIR; };
		9EB6A7C926E3EA4F007DEF4F /* ExampleProjectTests.swift */ = {isa = PBXFileReference; lastKnownFileType = sourcecode.swift; path = ExampleProjectTests.swift; sourceTree = "<group>"; };
		9EB6A7CB26E3EA4F007DEF4F /* Info.plist */ = {isa = PBXFileReference; lastKnownFileType = text.plist.xml; path = Info.plist; sourceTree = "<group>"; };
		9EB6A7D026E3EA4F007DEF4F /* ExampleProjectUITests.xctest */ = {isa = PBXFileReference; explicitFileType = wrapper.cfbundle; includeInIndex = 0; path = ExampleProjectUITests.xctest; sourceTree = BUILT_PRODUCTS_DIR; };
		9EB6A7D426E3EA4F007DEF4F /* ExampleProjectUITests.swift */ = {isa = PBXFileReference; lastKnownFileType = sourcecode.swift; path = ExampleProjectUITests.swift; sourceTree = "<group>"; };
		9EB6A7D626E3EA4F007DEF4F /* Info.plist */ = {isa = PBXFileReference; lastKnownFileType = text.plist.xml; path = Info.plist; sourceTree = "<group>"; };
/* End PBXFileReference section */

/* Begin PBXFrameworksBuildPhase section */
		9EB6A7AC26E3EA4E007DEF4F /* Frameworks */ = {
			isa = PBXFrameworksBuildPhase;
			buildActionMask = 2147483647;
			files = (
				E66F3CB228ADD7DE009AD05F /* Rswift in Frameworks */,
				E66F3C9B28ADD721009AD05F /* Alamofire in Frameworks */,
				E66F3CDE28ADDA3B009AD05F /* FirebasePerformance in Frameworks */,
				E66F3CA628ADD76F009AD05F /* Heap in Frameworks */,
				E66F3CD028ADD9C4009AD05F /* GoogleSignInSwift in Frameworks */,
				E602FA7F28B805BF008317D7 /* FacebookLogin in Frameworks */,
				E66F3CD628ADDA3B009AD05F /* FirebaseAnalytics in Frameworks */,
				9EB6A7E426E3EA64007DEF4F /* FBSnapshotTestCase in Frameworks */,
				E6FC7B9128AC477C00B6C850 /* FacebookCore in Frameworks */,
				E66F3CA128ADD75A009AD05F /* OHHTTPStubs in Frameworks */,
				E6FC7B9528AC477C00B6C850 /* FacebookShare in Frameworks */,
				E66F3CAF28ADD7BB009AD05F /* Castle in Frameworks */,
				E66F3CA328ADD75A009AD05F /* OHHTTPStubsSwift in Frameworks */,
				E66F3CDA28ADDA3B009AD05F /* FirebaseAnalyticsWithoutAdIdSupport in Frameworks */,
				E66F3CCB28ADD9B0009AD05F /* IQKeyboardManagerSwift in Frameworks */,
				E66F3CC828ADD987009AD05F /* RealmSwift in Frameworks */,
				E602FA7D28B805BF008317D7 /* FacebookCore in Frameworks */,
				E66F3CB728ADD7FB009AD05F /* Nuke in Frameworks */,
				E66F3CC328ADD8F4009AD05F /* kustomer-ios in Frameworks */,
				E66F3CBD28ADD8AB009AD05F /* ReactiveCocoa in Frameworks */,
				E6FC7B9328AC477C00B6C850 /* FacebookLogin in Frameworks */,
				E66F3CC028ADD8C4009AD05F /* Branch in Frameworks */,
				E66F3CD828ADDA3B009AD05F /* FirebaseAnalyticsSwift in Frameworks */,
				E66F3CC628ADD987009AD05F /* Realm in Frameworks */,
				E66F3CCE28ADD9C4009AD05F /* GoogleSignIn in Frameworks */,
				E66F3CAC28ADD7A3009AD05F /* SailthruMobile in Frameworks */,
				E66F3CD328ADD9E9009AD05F /* Dwifft in Frameworks */,
				E66F3C9E28ADD73B009AD05F /* SwiftyJSONAPI in Frameworks */,
				E602FA8128B805BF008317D7 /* FacebookShare in Frameworks */,
				E66F3CDC28ADDA3B009AD05F /* FirebaseCrashlytics in Frameworks */,
				E66F3CBA28ADD818009AD05F /* ReactiveSwift in Frameworks */,
				E66F3CA928ADD784009AD05F /* SnapKit in Frameworks */,
				E66F3CE128ADDA66009AD05F /* JLRoutes in Frameworks */,
				E66F3CB428ADD7DE009AD05F /* RswiftDynamic in Frameworks */,
			);
			runOnlyForDeploymentPostprocessing = 0;
		};
		9EB6A7C226E3EA4F007DEF4F /* Frameworks */ = {
			isa = PBXFrameworksBuildPhase;
			buildActionMask = 2147483647;
			files = (
			);
			runOnlyForDeploymentPostprocessing = 0;
		};
		9EB6A7CD26E3EA4F007DEF4F /* Frameworks */ = {
			isa = PBXFrameworksBuildPhase;
			buildActionMask = 2147483647;
			files = (
			);
			runOnlyForDeploymentPostprocessing = 0;
		};
/* End PBXFrameworksBuildPhase section */

/* Begin PBXGroup section */
		9EB6A7A626E3EA4E007DEF4F = {
			isa = PBXGroup;
			children = (
				9EB6A7B126E3EA4E007DEF4F /* ExampleProject */,
				9EB6A7C826E3EA4F007DEF4F /* ExampleProjectTests */,
				9EB6A7D326E3EA4F007DEF4F /* ExampleProjectUITests */,
				9EB6A7B026E3EA4E007DEF4F /* Products */,
			);
			sourceTree = "<group>";
		};
		9EB6A7B026E3EA4E007DEF4F /* Products */ = {
			isa = PBXGroup;
			children = (
				9EB6A7AF26E3EA4E007DEF4F /* ExampleProject.app */,
				9EB6A7C526E3EA4F007DEF4F /* ExampleProjectTests.xctest */,
				9EB6A7D026E3EA4F007DEF4F /* ExampleProjectUITests.xctest */,
			);
			name = Products;
			sourceTree = "<group>";
		};
		9EB6A7B126E3EA4E007DEF4F /* ExampleProject */ = {
			isa = PBXGroup;
			children = (
				9EB6A7B226E3EA4E007DEF4F /* AppDelegate.swift */,
				9EB6A7B426E3EA4E007DEF4F /* SceneDelegate.swift */,
				9EB6A7B626E3EA4E007DEF4F /* ViewController.swift */,
				9EB6A7B826E3EA4E007DEF4F /* Main.storyboard */,
				9EB6A7BB26E3EA4F007DEF4F /* Assets.xcassets */,
				9EB6A7BD26E3EA4F007DEF4F /* LaunchScreen.storyboard */,
				9EB6A7C026E3EA4F007DEF4F /* Info.plist */,
			);
			path = ExampleProject;
			sourceTree = "<group>";
		};
		9EB6A7C826E3EA4F007DEF4F /* ExampleProjectTests */ = {
			isa = PBXGroup;
			children = (
				9EB6A7C926E3EA4F007DEF4F /* ExampleProjectTests.swift */,
				9EB6A7CB26E3EA4F007DEF4F /* Info.plist */,
			);
			path = ExampleProjectTests;
			sourceTree = "<group>";
		};
		9EB6A7D326E3EA4F007DEF4F /* ExampleProjectUITests */ = {
			isa = PBXGroup;
			children = (
				9EB6A7D426E3EA4F007DEF4F /* ExampleProjectUITests.swift */,
				9EB6A7D626E3EA4F007DEF4F /* Info.plist */,
			);
			path = ExampleProjectUITests;
			sourceTree = "<group>";
		};
/* End PBXGroup section */

/* Begin PBXNativeTarget section */
		9EB6A7AE26E3EA4E007DEF4F /* ExampleProject */ = {
			isa = PBXNativeTarget;
			buildConfigurationList = 9EB6A7D926E3EA4F007DEF4F /* Build configuration list for PBXNativeTarget "ExampleProject" */;
			buildPhases = (
				9EB6A7AB26E3EA4E007DEF4F /* Sources */,
				9EB6A7AC26E3EA4E007DEF4F /* Frameworks */,
				9EB6A7AD26E3EA4E007DEF4F /* Resources */,
				9EB6A7E626E3EA64007DEF4F /* Embed Frameworks */,
			);
			buildRules = (
			);
			dependencies = (
			);
			name = ExampleProject;
			packageProductDependencies = (
				9EB6A7E326E3EA64007DEF4F /* FBSnapshotTestCase */,
				E6FC7B9028AC477C00B6C850 /* FacebookCore */,
				E6FC7B9228AC477C00B6C850 /* FacebookLogin */,
				E6FC7B9428AC477C00B6C850 /* FacebookShare */,
				E66F3C9A28ADD721009AD05F /* Alamofire */,
				E66F3C9D28ADD73B009AD05F /* SwiftyJSONAPI */,
				E66F3CA028ADD75A009AD05F /* OHHTTPStubs */,
				E66F3CA228ADD75A009AD05F /* OHHTTPStubsSwift */,
				E66F3CA528ADD76F009AD05F /* Heap */,
				E66F3CA828ADD784009AD05F /* SnapKit */,
				E66F3CAB28ADD7A3009AD05F /* SailthruMobile */,
				E66F3CAE28ADD7BB009AD05F /* Castle */,
				E66F3CB128ADD7DE009AD05F /* Rswift */,
				E66F3CB328ADD7DE009AD05F /* RswiftDynamic */,
				E66F3CB628ADD7FB009AD05F /* Nuke */,
				E66F3CB928ADD818009AD05F /* ReactiveSwift */,
				E66F3CBC28ADD8AB009AD05F /* ReactiveCocoa */,
				E66F3CBF28ADD8C4009AD05F /* Branch */,
				E66F3CC228ADD8F4009AD05F /* kustomer-ios */,
				E66F3CC528ADD987009AD05F /* Realm */,
				E66F3CC728ADD987009AD05F /* RealmSwift */,
				E66F3CCA28ADD9B0009AD05F /* IQKeyboardManagerSwift */,
				E66F3CCD28ADD9C4009AD05F /* GoogleSignIn */,
				E66F3CCF28ADD9C4009AD05F /* GoogleSignInSwift */,
				E66F3CD228ADD9E9009AD05F /* Dwifft */,
				E66F3CD528ADDA3B009AD05F /* FirebaseAnalytics */,
				E66F3CD728ADDA3B009AD05F /* FirebaseAnalyticsSwift */,
				E66F3CD928ADDA3B009AD05F /* FirebaseAnalyticsWithoutAdIdSupport */,
				E66F3CDB28ADDA3B009AD05F /* FirebaseCrashlytics */,
				E66F3CDD28ADDA3B009AD05F /* FirebasePerformance */,
				E66F3CE028ADDA66009AD05F /* JLRoutes */,
				E602FA7C28B805BF008317D7 /* FacebookCore */,
				E602FA7E28B805BF008317D7 /* FacebookLogin */,
				E602FA8028B805BF008317D7 /* FacebookShare */,
			);
			productName = ExampleProject;
			productReference = 9EB6A7AF26E3EA4E007DEF4F /* ExampleProject.app */;
			productType = "com.apple.product-type.application";
		};
		9EB6A7C426E3EA4F007DEF4F /* ExampleProjectTests */ = {
			isa = PBXNativeTarget;
			buildConfigurationList = 9EB6A7DC26E3EA4F007DEF4F /* Build configuration list for PBXNativeTarget "ExampleProjectTests" */;
			buildPhases = (
				9EB6A7C126E3EA4F007DEF4F /* Sources */,
				9EB6A7C226E3EA4F007DEF4F /* Frameworks */,
				9EB6A7C326E3EA4F007DEF4F /* Resources */,
			);
			buildRules = (
			);
			dependencies = (
				9EB6A7C726E3EA4F007DEF4F /* PBXTargetDependency */,
			);
			name = ExampleProjectTests;
			productName = ExampleProjectTests;
			productReference = 9EB6A7C526E3EA4F007DEF4F /* ExampleProjectTests.xctest */;
			productType = "com.apple.product-type.bundle.unit-test";
		};
		9EB6A7CF26E3EA4F007DEF4F /* ExampleProjectUITests */ = {
			isa = PBXNativeTarget;
			buildConfigurationList = 9EB6A7DF26E3EA4F007DEF4F /* Build configuration list for PBXNativeTarget "ExampleProjectUITests" */;
			buildPhases = (
				9EB6A7CC26E3EA4F007DEF4F /* Sources */,
				9EB6A7CD26E3EA4F007DEF4F /* Frameworks */,
				9EB6A7CE26E3EA4F007DEF4F /* Resources */,
			);
			buildRules = (
			);
			dependencies = (
				9EB6A7D226E3EA4F007DEF4F /* PBXTargetDependency */,
			);
			name = ExampleProjectUITests;
			productName = ExampleProjectUITests;
			productReference = 9EB6A7D026E3EA4F007DEF4F /* ExampleProjectUITests.xctest */;
			productType = "com.apple.product-type.bundle.ui-testing";
		};
/* End PBXNativeTarget section */

/* Begin PBXProject section */
		9EB6A7A726E3EA4E007DEF4F /* Project object */ = {
			isa = PBXProject;
			attributes = {
				LastSwiftUpdateCheck = 1250;
				LastUpgradeCheck = 1250;
				TargetAttributes = {
					9EB6A7AE26E3EA4E007DEF4F = {
						CreatedOnToolsVersion = 12.5.1;
					};
					9EB6A7C426E3EA4F007DEF4F = {
						CreatedOnToolsVersion = 12.5.1;
						TestTargetID = 9EB6A7AE26E3EA4E007DEF4F;
					};
					9EB6A7CF26E3EA4F007DEF4F = {
						CreatedOnToolsVersion = 12.5.1;
						TestTargetID = 9EB6A7AE26E3EA4E007DEF4F;
					};
				};
			};
			buildConfigurationList = 9EB6A7AA26E3EA4E007DEF4F /* Build configuration list for PBXProject "ExampleProject" */;
			compatibilityVersion = "Xcode 9.3";
			developmentRegion = en;
			hasScannedForEncodings = 0;
			knownRegions = (
				en,
				Base,
			);
			mainGroup = 9EB6A7A626E3EA4E007DEF4F;
			packageReferences = (
				9EB6A7E226E3EA64007DEF4F /* XCRemoteSwiftPackageReference "ios-snapshot-test-case" */,
				E6FC7B8F28AC477C00B6C850 /* XCRemoteSwiftPackageReference "facebook-ios-sdk" */,
				E66F3C9928ADD721009AD05F /* XCRemoteSwiftPackageReference "Alamofire" */,
				E66F3C9C28ADD73B009AD05F /* XCRemoteSwiftPackageReference "SwiftyJSONAPI" */,
				E66F3C9F28ADD75A009AD05F /* XCRemoteSwiftPackageReference "OHHTTPStubs" */,
				E66F3CA428ADD76F009AD05F /* XCRemoteSwiftPackageReference "heap-ios-sdk" */,
				E66F3CA728ADD784009AD05F /* XCRemoteSwiftPackageReference "SnapKit" */,
				E66F3CAA28ADD7A3009AD05F /* XCRemoteSwiftPackageReference "carnival-ios-sdk" */,
				E66F3CAD28ADD7BB009AD05F /* XCRemoteSwiftPackageReference "castle-ios" */,
				E66F3CB028ADD7DE009AD05F /* XCRemoteSwiftPackageReference "R.swift" */,
				E66F3CB528ADD7FB009AD05F /* XCRemoteSwiftPackageReference "Nuke" */,
				E66F3CB828ADD818009AD05F /* XCRemoteSwiftPackageReference "ReactiveSwift" */,
				E66F3CBB28ADD8AB009AD05F /* XCRemoteSwiftPackageReference "ReactiveCocoa" */,
				E66F3CBE28ADD8C4009AD05F /* XCRemoteSwiftPackageReference "ios-branch-deep-linking-attribution" */,
				E66F3CC128ADD8F4009AD05F /* XCRemoteSwiftPackageReference "kustomer-ios" */,
				E66F3CC428ADD987009AD05F /* XCRemoteSwiftPackageReference "realm-cocoa" */,
				E66F3CC928ADD9B0009AD05F /* XCRemoteSwiftPackageReference "IQKeyboardManager" */,
				E66F3CCC28ADD9C4009AD05F /* XCRemoteSwiftPackageReference "GoogleSignIn-iOS" */,
				E66F3CD128ADD9E8009AD05F /* XCRemoteSwiftPackageReference "Dwifft" */,
				E66F3CD428ADDA3A009AD05F /* XCRemoteSwiftPackageReference "firebase-ios-sdk" */,
				E66F3CDF28ADDA66009AD05F /* XCRemoteSwiftPackageReference "JLRoutes" */,
				E602FA7B28B805BF008317D7 /* XCRemoteSwiftPackageReference "facebook-ios-sdk" */,
			);
			productRefGroup = 9EB6A7B026E3EA4E007DEF4F /* Products */;
			projectDirPath = "";
			projectRoot = "";
			targets = (
				9EB6A7AE26E3EA4E007DEF4F /* ExampleProject */,
				9EB6A7C426E3EA4F007DEF4F /* ExampleProjectTests */,
				9EB6A7CF26E3EA4F007DEF4F /* ExampleProjectUITests */,
			);
		};
/* End PBXProject section */

/* Begin PBXResourcesBuildPhase section */
		9EB6A7AD26E3EA4E007DEF4F /* Resources */ = {
			isa = PBXResourcesBuildPhase;
			buildActionMask = 2147483647;
			files = (
				9EB6A7BF26E3EA4F007DEF4F /* LaunchScreen.storyboard in Resources */,
				9EB6A7BC26E3EA4F007DEF4F /* Assets.xcassets in Resources */,
				9EB6A7BA26E3EA4E007DEF4F /* Main.storyboard in Resources */,
			);
			runOnlyForDeploymentPostprocessing = 0;
		};
		9EB6A7C326E3EA4F007DEF4F /* Resources */ = {
			isa = PBXResourcesBuildPhase;
			buildActionMask = 2147483647;
			files = (
			);
			runOnlyForDeploymentPostprocessing = 0;
		};
		9EB6A7CE26E3EA4F007DEF4F /* Resources */ = {
			isa = PBXResourcesBuildPhase;
			buildActionMask = 2147483647;
			files = (
			);
			runOnlyForDeploymentPostprocessing = 0;
		};
/* End PBXResourcesBuildPhase section */

/* Begin PBXSourcesBuildPhase section */
		9EB6A7AB26E3EA4E007DEF4F /* Sources */ = {
			isa = PBXSourcesBuildPhase;
			buildActionMask = 2147483647;
			files = (
				9EB6A7B726E3EA4E007DEF4F /* ViewController.swift in Sources */,
				9EB6A7B326E3EA4E007DEF4F /* AppDelegate.swift in Sources */,
				9EB6A7B526E3EA4E007DEF4F /* SceneDelegate.swift in Sources */,
			);
			runOnlyForDeploymentPostprocessing = 0;
		};
		9EB6A7C126E3EA4F007DEF4F /* Sources */ = {
			isa = PBXSourcesBuildPhase;
			buildActionMask = 2147483647;
			files = (
				9EB6A7CA26E3EA4F007DEF4F /* ExampleProjectTests.swift in Sources */,
			);
			runOnlyForDeploymentPostprocessing = 0;
		};
		9EB6A7CC26E3EA4F007DEF4F /* Sources */ = {
			isa = PBXSourcesBuildPhase;
			buildActionMask = 2147483647;
			files = (
				9EB6A7D526E3EA4F007DEF4F /* ExampleProjectUITests.swift in Sources */,
			);
			runOnlyForDeploymentPostprocessing = 0;
		};
/* End PBXSourcesBuildPhase section */

/* Begin PBXTargetDependency section */
		9EB6A7C726E3EA4F007DEF4F /* PBXTargetDependency */ = {
			isa = PBXTargetDependency;
			target = 9EB6A7AE26E3EA4E007DEF4F /* ExampleProject */;
			targetProxy = 9EB6A7C626E3EA4F007DEF4F /* PBXContainerItemProxy */;
		};
		9EB6A7D226E3EA4F007DEF4F /* PBXTargetDependency */ = {
			isa = PBXTargetDependency;
			target = 9EB6A7AE26E3EA4E007DEF4F /* ExampleProject */;
			targetProxy = 9EB6A7D126E3EA4F007DEF4F /* PBXContainerItemProxy */;
		};
/* End PBXTargetDependency section */

/* Begin PBXVariantGroup section */
		9EB6A7B826E3EA4E007DEF4F /* Main.storyboard */ = {
			isa = PBXVariantGroup;
			children = (
				9EB6A7B926E3EA4E007DEF4F /* Base */,
			);
			name = Main.storyboard;
			sourceTree = "<group>";
		};
		9EB6A7BD26E3EA4F007DEF4F /* LaunchScreen.storyboard */ = {
			isa = PBXVariantGroup;
			children = (
				9EB6A7BE26E3EA4F007DEF4F /* Base */,
			);
			name = LaunchScreen.storyboard;
			sourceTree = "<group>";
		};
/* End PBXVariantGroup section */

/* Begin XCBuildConfiguration section */
		9EB6A7D726E3EA4F007DEF4F /* Debug */ = {
			isa = XCBuildConfiguration;
			buildSettings = {
				ALWAYS_SEARCH_USER_PATHS = NO;
				CLANG_ANALYZER_NONNULL = YES;
				CLANG_ANALYZER_NUMBER_OBJECT_CONVERSION = YES_AGGRESSIVE;
				CLANG_CXX_LANGUAGE_STANDARD = "gnu++14";
				CLANG_CXX_LIBRARY = "libc++";
				CLANG_ENABLE_MODULES = YES;
				CLANG_ENABLE_OBJC_ARC = YES;
				CLANG_ENABLE_OBJC_WEAK = YES;
				CLANG_WARN_BLOCK_CAPTURE_AUTORELEASING = YES;
				CLANG_WARN_BOOL_CONVERSION = YES;
				CLANG_WARN_COMMA = YES;
				CLANG_WARN_CONSTANT_CONVERSION = YES;
				CLANG_WARN_DEPRECATED_OBJC_IMPLEMENTATIONS = YES;
				CLANG_WARN_DIRECT_OBJC_ISA_USAGE = YES_ERROR;
				CLANG_WARN_DOCUMENTATION_COMMENTS = YES;
				CLANG_WARN_EMPTY_BODY = YES;
				CLANG_WARN_ENUM_CONVERSION = YES;
				CLANG_WARN_INFINITE_RECURSION = YES;
				CLANG_WARN_INT_CONVERSION = YES;
				CLANG_WARN_NON_LITERAL_NULL_CONVERSION = YES;
				CLANG_WARN_OBJC_IMPLICIT_RETAIN_SELF = YES;
				CLANG_WARN_OBJC_LITERAL_CONVERSION = YES;
				CLANG_WARN_OBJC_ROOT_CLASS = YES_ERROR;
				CLANG_WARN_QUOTED_INCLUDE_IN_FRAMEWORK_HEADER = YES;
				CLANG_WARN_RANGE_LOOP_ANALYSIS = YES;
				CLANG_WARN_STRICT_PROTOTYPES = YES;
				CLANG_WARN_SUSPICIOUS_MOVE = YES;
				CLANG_WARN_UNGUARDED_AVAILABILITY = YES_AGGRESSIVE;
				CLANG_WARN_UNREACHABLE_CODE = YES;
				CLANG_WARN__DUPLICATE_METHOD_MATCH = YES;
				COPY_PHASE_STRIP = NO;
				DEBUG_INFORMATION_FORMAT = dwarf;
				ENABLE_STRICT_OBJC_MSGSEND = YES;
				ENABLE_TESTABILITY = YES;
				GCC_C_LANGUAGE_STANDARD = gnu11;
				GCC_DYNAMIC_NO_PIC = NO;
				GCC_NO_COMMON_BLOCKS = YES;
				GCC_OPTIMIZATION_LEVEL = 0;
				GCC_PREPROCESSOR_DEFINITIONS = (
					"DEBUG=1",
					"$(inherited)",
				);
				GCC_WARN_64_TO_32_BIT_CONVERSION = YES;
				GCC_WARN_ABOUT_RETURN_TYPE = YES_ERROR;
				GCC_WARN_UNDECLARED_SELECTOR = YES;
				GCC_WARN_UNINITIALIZED_AUTOS = YES_AGGRESSIVE;
				GCC_WARN_UNUSED_FUNCTION = YES;
				GCC_WARN_UNUSED_VARIABLE = YES;
				IPHONEOS_DEPLOYMENT_TARGET = 14.5;
				MTL_ENABLE_DEBUG_INFO = INCLUDE_SOURCE;
				MTL_FAST_MATH = YES;
				ONLY_ACTIVE_ARCH = YES;
				SDKROOT = iphoneos;
				SWIFT_ACTIVE_COMPILATION_CONDITIONS = DEBUG;
				SWIFT_OPTIMIZATION_LEVEL = "-Onone";
			};
			name = Debug;
		};
		9EB6A7D826E3EA4F007DEF4F /* Release */ = {
			isa = XCBuildConfiguration;
			buildSettings = {
				ALWAYS_SEARCH_USER_PATHS = NO;
				CLANG_ANALYZER_NONNULL = YES;
				CLANG_ANALYZER_NUMBER_OBJECT_CONVERSION = YES_AGGRESSIVE;
				CLANG_CXX_LANGUAGE_STANDARD = "gnu++14";
				CLANG_CXX_LIBRARY = "libc++";
				CLANG_ENABLE_MODULES = YES;
				CLANG_ENABLE_OBJC_ARC = YES;
				CLANG_ENABLE_OBJC_WEAK = YES;
				CLANG_WARN_BLOCK_CAPTURE_AUTORELEASING = YES;
				CLANG_WARN_BOOL_CONVERSION = YES;
				CLANG_WARN_COMMA = YES;
				CLANG_WARN_CONSTANT_CONVERSION = YES;
				CLANG_WARN_DEPRECATED_OBJC_IMPLEMENTATIONS = YES;
				CLANG_WARN_DIRECT_OBJC_ISA_USAGE = YES_ERROR;
				CLANG_WARN_DOCUMENTATION_COMMENTS = YES;
				CLANG_WARN_EMPTY_BODY = YES;
				CLANG_WARN_ENUM_CONVERSION = YES;
				CLANG_WARN_INFINITE_RECURSION = YES;
				CLANG_WARN_INT_CONVERSION = YES;
				CLANG_WARN_NON_LITERAL_NULL_CONVERSION = YES;
				CLANG_WARN_OBJC_IMPLICIT_RETAIN_SELF = YES;
				CLANG_WARN_OBJC_LITERAL_CONVERSION = YES;
				CLANG_WARN_OBJC_ROOT_CLASS = YES_ERROR;
				CLANG_WARN_QUOTED_INCLUDE_IN_FRAMEWORK_HEADER = YES;
				CLANG_WARN_RANGE_LOOP_ANALYSIS = YES;
				CLANG_WARN_STRICT_PROTOTYPES = YES;
				CLANG_WARN_SUSPICIOUS_MOVE = YES;
				CLANG_WARN_UNGUARDED_AVAILABILITY = YES_AGGRESSIVE;
				CLANG_WARN_UNREACHABLE_CODE = YES;
				CLANG_WARN__DUPLICATE_METHOD_MATCH = YES;
				COPY_PHASE_STRIP = NO;
				DEBUG_INFORMATION_FORMAT = "dwarf-with-dsym";
				ENABLE_NS_ASSERTIONS = NO;
				ENABLE_STRICT_OBJC_MSGSEND = YES;
				GCC_C_LANGUAGE_STANDARD = gnu11;
				GCC_NO_COMMON_BLOCKS = YES;
				GCC_WARN_64_TO_32_BIT_CONVERSION = YES;
				GCC_WARN_ABOUT_RETURN_TYPE = YES_ERROR;
				GCC_WARN_UNDECLARED_SELECTOR = YES;
				GCC_WARN_UNINITIALIZED_AUTOS = YES_AGGRESSIVE;
				GCC_WARN_UNUSED_FUNCTION = YES;
				GCC_WARN_UNUSED_VARIABLE = YES;
				IPHONEOS_DEPLOYMENT_TARGET = 14.5;
				MTL_ENABLE_DEBUG_INFO = NO;
				MTL_FAST_MATH = YES;
				SDKROOT = iphoneos;
				SWIFT_COMPILATION_MODE = wholemodule;
				SWIFT_OPTIMIZATION_LEVEL = "-O";
				VALIDATE_PRODUCT = YES;
			};
			name = Release;
		};
		9EB6A7DA26E3EA4F007DEF4F /* Debug */ = {
			isa = XCBuildConfiguration;
			buildSettings = {
				ASSETCATALOG_COMPILER_APPICON_NAME = AppIcon;
				ASSETCATALOG_COMPILER_GLOBAL_ACCENT_COLOR_NAME = AccentColor;
				CODE_SIGN_STYLE = Automatic;
				INFOPLIST_FILE = ExampleProject/Info.plist;
				LD_RUNPATH_SEARCH_PATHS = (
					"$(inherited)",
					"@executable_path/Frameworks",
				);
				PRODUCT_BUNDLE_IDENTIFIER = com.dpearce.ExampleProject;
				PRODUCT_NAME = "$(TARGET_NAME)";
				SWIFT_VERSION = 5.0;
				TARGETED_DEVICE_FAMILY = "1,2";
			};
			name = Debug;
		};
		9EB6A7DB26E3EA4F007DEF4F /* Release */ = {
			isa = XCBuildConfiguration;
			buildSettings = {
				ASSETCATALOG_COMPILER_APPICON_NAME = AppIcon;
				ASSETCATALOG_COMPILER_GLOBAL_ACCENT_COLOR_NAME = AccentColor;
				CODE_SIGN_STYLE = Automatic;
				INFOPLIST_FILE = ExampleProject/Info.plist;
				LD_RUNPATH_SEARCH_PATHS = (
					"$(inherited)",
					"@executable_path/Frameworks",
				);
				PRODUCT_BUNDLE_IDENTIFIER = com.dpearce.ExampleProject;
				PRODUCT_NAME = "$(TARGET_NAME)";
				SWIFT_VERSION = 5.0;
				TARGETED_DEVICE_FAMILY = "1,2";
			};
			name = Release;
		};
		9EB6A7DD26E3EA4F007DEF4F /* Debug */ = {
			isa = XCBuildConfiguration;
			buildSettings = {
				ALWAYS_EMBED_SWIFT_STANDARD_LIBRARIES = YES;
				BUNDLE_LOADER = "$(TEST_HOST)";
				CODE_SIGN_STYLE = Automatic;
				INFOPLIST_FILE = ExampleProjectTests/Info.plist;
				IPHONEOS_DEPLOYMENT_TARGET = 14.5;
				LD_RUNPATH_SEARCH_PATHS = (
					"$(inherited)",
					"@executable_path/Frameworks",
					"@loader_path/Frameworks",
				);
				PRODUCT_BUNDLE_IDENTIFIER = com.dpearce.ExampleProjectTests;
				PRODUCT_NAME = "$(TARGET_NAME)";
				SWIFT_VERSION = 5.0;
				TARGETED_DEVICE_FAMILY = "1,2";
				TEST_HOST = "$(BUILT_PRODUCTS_DIR)/ExampleProject.app/ExampleProject";
			};
			name = Debug;
		};
		9EB6A7DE26E3EA4F007DEF4F /* Release */ = {
			isa = XCBuildConfiguration;
			buildSettings = {
				ALWAYS_EMBED_SWIFT_STANDARD_LIBRARIES = YES;
				BUNDLE_LOADER = "$(TEST_HOST)";
				CODE_SIGN_STYLE = Automatic;
				INFOPLIST_FILE = ExampleProjectTests/Info.plist;
				IPHONEOS_DEPLOYMENT_TARGET = 14.5;
				LD_RUNPATH_SEARCH_PATHS = (
					"$(inherited)",
					"@executable_path/Frameworks",
					"@loader_path/Frameworks",
				);
				PRODUCT_BUNDLE_IDENTIFIER = com.dpearce.ExampleProjectTests;
				PRODUCT_NAME = "$(TARGET_NAME)";
				SWIFT_VERSION = 5.0;
				TARGETED_DEVICE_FAMILY = "1,2";
				TEST_HOST = "$(BUILT_PRODUCTS_DIR)/ExampleProject.app/ExampleProject";
			};
			name = Release;
		};
		9EB6A7E026E3EA4F007DEF4F /* Debug */ = {
			isa = XCBuildConfiguration;
			buildSettings = {
				ALWAYS_EMBED_SWIFT_STANDARD_LIBRARIES = YES;
				CODE_SIGN_STYLE = Automatic;
				INFOPLIST_FILE = ExampleProjectUITests/Info.plist;
				LD_RUNPATH_SEARCH_PATHS = (
					"$(inherited)",
					"@executable_path/Frameworks",
					"@loader_path/Frameworks",
				);
				PRODUCT_BUNDLE_IDENTIFIER = com.dpearce.ExampleProjectUITests;
				PRODUCT_NAME = "$(TARGET_NAME)";
				SWIFT_VERSION = 5.0;
				TARGETED_DEVICE_FAMILY = "1,2";
				TEST_TARGET_NAME = ExampleProject;
			};
			name = Debug;
		};
		9EB6A7E126E3EA4F007DEF4F /* Release */ = {
			isa = XCBuildConfiguration;
			buildSettings = {
				ALWAYS_EMBED_SWIFT_STANDARD_LIBRARIES = YES;
				CODE_SIGN_STYLE = Automatic;
				INFOPLIST_FILE = ExampleProjectUITests/Info.plist;
				LD_RUNPATH_SEARCH_PATHS = (
					"$(inherited)",
					"@executable_path/Frameworks",
					"@loader_path/Frameworks",
				);
				PRODUCT_BUNDLE_IDENTIFIER = com.dpearce.ExampleProjectUITests;
				PRODUCT_NAME = "$(TARGET_NAME)";
				SWIFT_VERSION = 5.0;
				TARGETED_DEVICE_FAMILY = "1,2";
				TEST_TARGET_NAME = ExampleProject;
			};
			name = Release;
		};
/* End XCBuildConfiguration section */

/* Begin XCConfigurationList section */
		9EB6A7AA26E3EA4E007DEF4F /* Build configuration list for PBXProject "ExampleProject" */ = {
			isa = XCConfigurationList;
			buildConfigurations = (
				9EB6A7D726E3EA4F007DEF4F /* Debug */,
				9EB6A7D826E3EA4F007DEF4F /* Release */,
			);
			defaultConfigurationIsVisible = 0;
			defaultConfigurationName = Release;
		};
		9EB6A7D926E3EA4F007DEF4F /* Build configuration list for PBXNativeTarget "ExampleProject" */ = {
			isa = XCConfigurationList;
			buildConfigurations = (
				9EB6A7DA26E3EA4F007DEF4F /* Debug */,
				9EB6A7DB26E3EA4F007DEF4F /* Release */,
			);
			defaultConfigurationIsVisible = 0;
			defaultConfigurationName = Release;
		};
		9EB6A7DC26E3EA4F007DEF4F /* Build configuration list for PBXNativeTarget "ExampleProjectTests" */ = {
			isa = XCConfigurationList;
			buildConfigurations = (
				9EB6A7DD26E3EA4F007DEF4F /* Debug */,
				9EB6A7DE26E3EA4F007DEF4F /* Release */,
			);
			defaultConfigurationIsVisible = 0;
			defaultConfigurationName = Release;
		};
		9EB6A7DF26E3EA4F007DEF4F /* Build configuration list for PBXNativeTarget "ExampleProjectUITests" */ = {
			isa = XCConfigurationList;
			buildConfigurations = (
				9EB6A7E026E3EA4F007DEF4F /* Debug */,
				9EB6A7E126E3EA4F007DEF4F /* Release */,
			);
			defaultConfigurationIsVisible = 0;
			defaultConfigurationName = Release;
		};
/* End XCConfigurationList section */

/* Begin XCRemoteSwiftPackageReference section */
		9EB6A7E226E3EA64007DEF4F /* XCRemoteSwiftPackageReference "ios-snapshot-test-case" */ = {
			isa = XCRemoteSwiftPackageReference;
			repositoryURL = "https://github.com/uber/ios-snapshot-test-case";
			requirement = {
				kind = exactVersion;
				version = 7.0.0;
			};
		};
		E602FA7B28B805BF008317D7 /* XCRemoteSwiftPackageReference "facebook-ios-sdk" */ = {
			isa = XCRemoteSwiftPackageReference;
			repositoryURL = "https://github.com/facebook/facebook-ios-sdk";
			requirement = {
				kind = exactVersion;
				version = 14.1.0;
			};
		};
		E66F3C9928ADD721009AD05F /* XCRemoteSwiftPackageReference "Alamofire" */ = {
			isa = XCRemoteSwiftPackageReference;
			repositoryURL = "https://github.com/Alamofire/Alamofire.git";
			requirement = {
				kind = exactVersion;
				version = 4.9.1;
			};
		};
		E66F3C9C28ADD73B009AD05F /* XCRemoteSwiftPackageReference "SwiftyJSONAPI" */ = {
			isa = XCRemoteSwiftPackageReference;
			repositoryURL = "https://github.com/thomassnielsen/SwiftyJSONAPI";
			requirement = {
				kind = revision;
				revision = b6afc95bae32f0ec7283b00490e223e9dfef6dce;
			};
		};
		E66F3C9F28ADD75A009AD05F /* XCRemoteSwiftPackageReference "OHHTTPStubs" */ = {
			isa = XCRemoteSwiftPackageReference;
			repositoryURL = "https://github.com/AliSoftware/OHHTTPStubs";
			requirement = {
				kind = exactVersion;
				version = 9.1.0;
			};
		};
		E66F3CA428ADD76F009AD05F /* XCRemoteSwiftPackageReference "heap-ios-sdk" */ = {
			isa = XCRemoteSwiftPackageReference;
			repositoryURL = "https://github.com/heap/heap-ios-sdk";
			requirement = {
				kind = exactVersion;
				version = 8.2.0;
			};
		};
		E66F3CA728ADD784009AD05F /* XCRemoteSwiftPackageReference "SnapKit" */ = {
			isa = XCRemoteSwiftPackageReference;
			repositoryURL = "https://github.com/SnapKit/SnapKit";
			requirement = {
				kind = exactVersion;
				version = 5.0.1;
			};
		};
		E66F3CAA28ADD7A3009AD05F /* XCRemoteSwiftPackageReference "carnival-ios-sdk" */ = {
			isa = XCRemoteSwiftPackageReference;
			repositoryURL = "https://github.com/carnivalmobile/carnival-ios-sdk";
			requirement = {
				kind = exactVersion;
				version = 12.1.1;
			};
		};
		E66F3CAD28ADD7BB009AD05F /* XCRemoteSwiftPackageReference "castle-ios" */ = {
			isa = XCRemoteSwiftPackageReference;
			repositoryURL = "https://github.com/castle/castle-ios";
			requirement = {
				kind = exactVersion;
				version = 3.0.7;
			};
		};
		E66F3CB028ADD7DE009AD05F /* XCRemoteSwiftPackageReference "R.swift" */ = {
			isa = XCRemoteSwiftPackageReference;
			repositoryURL = "https://github.com/mac-cain13/R.swift.Library";
			requirement = {
				kind = exactVersion;
				version = 5.4.0;
			};
		};
		E66F3CB528ADD7FB009AD05F /* XCRemoteSwiftPackageReference "Nuke" */ = {
			isa = XCRemoteSwiftPackageReference;
			repositoryURL = "https://github.com/kean/Nuke";
			requirement = {
				kind = exactVersion;
				version = 9.1.2;
			};
		};
		E66F3CB828ADD818009AD05F /* XCRemoteSwiftPackageReference "ReactiveSwift" */ = {
			isa = XCRemoteSwiftPackageReference;
			repositoryURL = "https://github.com/ReactiveCocoa/ReactiveSwift";
			requirement = {
				kind = exactVersion;
				version = 6.6.0;
			};
		};
		E66F3CBB28ADD8AB009AD05F /* XCRemoteSwiftPackageReference "ReactiveCocoa" */ = {
			isa = XCRemoteSwiftPackageReference;
			repositoryURL = "https://github.com/ReactiveCocoa/ReactiveCocoa";
			requirement = {
				kind = exactVersion;
				version = 11.2.1;
			};
		};
		E66F3CBE28ADD8C4009AD05F /* XCRemoteSwiftPackageReference "ios-branch-deep-linking-attribution" */ = {
			isa = XCRemoteSwiftPackageReference;
			repositoryURL = "https://github.com/BranchMetrics/ios-branch-deep-linking-attribution";
			requirement = {
				kind = exactVersion;
				version = 0.35.1;
			};
		};
		E66F3CC128ADD8F4009AD05F /* XCRemoteSwiftPackageReference "kustomer-ios" */ = {
			isa = XCRemoteSwiftPackageReference;
			repositoryURL = "https://github.com/kustomer/kustomer-ios";
			requirement = {
				kind = exactVersion;
				version = 2.7.1;
			};
		};
		E66F3CC428ADD987009AD05F /* XCRemoteSwiftPackageReference "realm-cocoa" */ = {
			isa = XCRemoteSwiftPackageReference;
			repositoryURL = "https://github.com/realm/realm-cocoa";
			requirement = {
				kind = exactVersion;
				version = 10.28.1;
			};
		};
		E66F3CC928ADD9B0009AD05F /* XCRemoteSwiftPackageReference "IQKeyboardManager" */ = {
			isa = XCRemoteSwiftPackageReference;
			repositoryURL = "https://github.com/hackiftekhar/IQKeyboardManager";
			requirement = {
				kind = exactVersion;
				version = 6.5.6;
			};
		};
		E66F3CCC28ADD9C4009AD05F /* XCRemoteSwiftPackageReference "GoogleSignIn-iOS" */ = {
			isa = XCRemoteSwiftPackageReference;
			repositoryURL = "https://github.com/google/GoogleSignIn-iOS";
			requirement = {
				kind = exactVersion;
				version = 6.2.2;
			};
		};
		E66F3CD128ADD9E8009AD05F /* XCRemoteSwiftPackageReference "Dwifft" */ = {
			isa = XCRemoteSwiftPackageReference;
			repositoryURL = "https://github.com/jflinter/Dwifft";
			requirement = {
				kind = revision;
				revision = 6fec2bc0246091b3e17a9d42e722fb98e05ac3ff;
			};
		};
		E66F3CD428ADDA3A009AD05F /* XCRemoteSwiftPackageReference "firebase-ios-sdk" */ = {
			isa = XCRemoteSwiftPackageReference;
			repositoryURL = "https://github.com/firebase/firebase-ios-sdk";
			requirement = {
				kind = exactVersion;
				version = 9.2.0;
			};
		};
		E66F3CDF28ADDA66009AD05F /* XCRemoteSwiftPackageReference "JLRoutes" */ = {
			isa = XCRemoteSwiftPackageReference;
			repositoryURL = "https://github.com/joeldev/JLRoutes";
			requirement = {
				kind = exactVersion;
				version = 2.1.1;
			};
		};
		E6FC7B8F28AC477C00B6C850 /* XCRemoteSwiftPackageReference "facebook-ios-sdk" */ = {
			isa = XCRemoteSwiftPackageReference;
			repositoryURL = "https://github.com/facebook/facebook-ios-sdk";
			requirement = {
				kind = exactVersion;
				version = 14.1.0;
			};
		};
/* End XCRemoteSwiftPackageReference section */

/* Begin XCSwiftPackageProductDependency section */
		9EB6A7E326E3EA64007DEF4F /* FBSnapshotTestCase */ = {
			isa = XCSwiftPackageProductDependency;
			package = 9EB6A7E226E3EA64007DEF4F /* XCRemoteSwiftPackageReference "ios-snapshot-test-case" */;
			productName = FBSnapshotTestCase;
		};
		E602FA7C28B805BF008317D7 /* FacebookCore */ = {
			isa = XCSwiftPackageProductDependency;
			package = E6FC7B8F28AC477C00B6C850 /* XCRemoteSwiftPackageReference "facebook-ios-sdk" */;
			productName = FacebookCore;
		};
		E602FA7E28B805BF008317D7 /* FacebookLogin */ = {
			isa = XCSwiftPackageProductDependency;
			package = E6FC7B8F28AC477C00B6C850 /* XCRemoteSwiftPackageReference "facebook-ios-sdk" */;
			productName = FacebookLogin;
		};
		E602FA8028B805BF008317D7 /* FacebookShare */ = {
			isa = XCSwiftPackageProductDependency;
			package = E6FC7B8F28AC477C00B6C850 /* XCRemoteSwiftPackageReference "facebook-ios-sdk" */;
			productName = FacebookShare;
		};
		E66F3C9A28ADD721009AD05F /* Alamofire */ = {
			isa = XCSwiftPackageProductDependency;
			package = E66F3C9928ADD721009AD05F /* XCRemoteSwiftPackageReference "Alamofire" */;
			productName = Alamofire;
		};
		E66F3C9D28ADD73B009AD05F /* SwiftyJSONAPI */ = {
			isa = XCSwiftPackageProductDependency;
			package = E66F3C9C28ADD73B009AD05F /* XCRemoteSwiftPackageReference "SwiftyJSONAPI" */;
			productName = SwiftyJSONAPI;
		};
		E66F3CA028ADD75A009AD05F /* OHHTTPStubs */ = {
			isa = XCSwiftPackageProductDependency;
			package = E66F3C9F28ADD75A009AD05F /* XCRemoteSwiftPackageReference "OHHTTPStubs" */;
			productName = OHHTTPStubs;
		};
		E66F3CA228ADD75A009AD05F /* OHHTTPStubsSwift */ = {
			isa = XCSwiftPackageProductDependency;
			package = E66F3C9F28ADD75A009AD05F /* XCRemoteSwiftPackageReference "OHHTTPStubs" */;
			productName = OHHTTPStubsSwift;
		};
		E66F3CA528ADD76F009AD05F /* Heap */ = {
			isa = XCSwiftPackageProductDependency;
			package = E66F3CA428ADD76F009AD05F /* XCRemoteSwiftPackageReference "heap-ios-sdk" */;
			productName = Heap;
		};
		E66F3CA828ADD784009AD05F /* SnapKit */ = {
			isa = XCSwiftPackageProductDependency;
			package = E66F3CA728ADD784009AD05F /* XCRemoteSwiftPackageReference "SnapKit" */;
			productName = SnapKit;
		};
		E66F3CAB28ADD7A3009AD05F /* SailthruMobile */ = {
			isa = XCSwiftPackageProductDependency;
			package = E66F3CAA28ADD7A3009AD05F /* XCRemoteSwiftPackageReference "carnival-ios-sdk" */;
			productName = SailthruMobile;
		};
		E66F3CAE28ADD7BB009AD05F /* Castle */ = {
			isa = XCSwiftPackageProductDependency;
			package = E66F3CAD28ADD7BB009AD05F /* XCRemoteSwiftPackageReference "castle-ios" */;
			productName = Castle;
		};
		E66F3CB128ADD7DE009AD05F /* Rswift */ = {
			isa = XCSwiftPackageProductDependency;
			package = E66F3CB028ADD7DE009AD05F /* XCRemoteSwiftPackageReference "R.swift" */;
			productName = Rswift;
		};
		E66F3CB328ADD7DE009AD05F /* RswiftDynamic */ = {
			isa = XCSwiftPackageProductDependency;
			package = E66F3CB028ADD7DE009AD05F /* XCRemoteSwiftPackageReference "R.swift" */;
			productName = RswiftDynamic;
		};
		E66F3CB628ADD7FB009AD05F /* Nuke */ = {
			isa = XCSwiftPackageProductDependency;
			package = E66F3CB528ADD7FB009AD05F /* XCRemoteSwiftPackageReference "Nuke" */;
			productName = Nuke;
		};
		E66F3CB928ADD818009AD05F /* ReactiveSwift */ = {
			isa = XCSwiftPackageProductDependency;
			package = E66F3CB828ADD818009AD05F /* XCRemoteSwiftPackageReference "ReactiveSwift" */;
			productName = ReactiveSwift;
		};
		E66F3CBC28ADD8AB009AD05F /* ReactiveCocoa */ = {
			isa = XCSwiftPackageProductDependency;
			package = E66F3CBB28ADD8AB009AD05F /* XCRemoteSwiftPackageReference "ReactiveCocoa" */;
			productName = ReactiveCocoa;
		};
		E66F3CBF28ADD8C4009AD05F /* Branch */ = {
			isa = XCSwiftPackageProductDependency;
			package = E66F3CBE28ADD8C4009AD05F /* XCRemoteSwiftPackageReference "ios-branch-deep-linking-attribution" */;
			productName = Branch;
		};
		E66F3CC228ADD8F4009AD05F /* kustomer-ios */ = {
			isa = XCSwiftPackageProductDependency;
			package = E66F3CC128ADD8F4009AD05F /* XCRemoteSwiftPackageReference "kustomer-ios" */;
			productName = "kustomer-ios";
		};
		E66F3CC528ADD987009AD05F /* Realm */ = {
			isa = XCSwiftPackageProductDependency;
			package = E66F3CC428ADD987009AD05F /* XCRemoteSwiftPackageReference "realm-cocoa" */;
			productName = Realm;
		};
		E66F3CC728ADD987009AD05F /* RealmSwift */ = {
			isa = XCSwiftPackageProductDependency;
			package = E66F3CC428ADD987009AD05F /* XCRemoteSwiftPackageReference "realm-cocoa" */;
			productName = RealmSwift;
		};
		E66F3CCA28ADD9B0009AD05F /* IQKeyboardManagerSwift */ = {
			isa = XCSwiftPackageProductDependency;
			package = E66F3CC928ADD9B0009AD05F /* XCRemoteSwiftPackageReference "IQKeyboardManager" */;
			productName = IQKeyboardManagerSwift;
		};
		E66F3CCD28ADD9C4009AD05F /* GoogleSignIn */ = {
			isa = XCSwiftPackageProductDependency;
			package = E66F3CCC28ADD9C4009AD05F /* XCRemoteSwiftPackageReference "GoogleSignIn-iOS" */;
			productName = GoogleSignIn;
		};
		E66F3CCF28ADD9C4009AD05F /* GoogleSignInSwift */ = {
			isa = XCSwiftPackageProductDependency;
			package = E66F3CCC28ADD9C4009AD05F /* XCRemoteSwiftPackageReference "GoogleSignIn-iOS" */;
			productName = GoogleSignInSwift;
		};
		E66F3CD228ADD9E9009AD05F /* Dwifft */ = {
			isa = XCSwiftPackageProductDependency;
			package = E66F3CD128ADD9E8009AD05F /* XCRemoteSwiftPackageReference "Dwifft" */;
			productName = Dwifft;
		};
		E66F3CD528ADDA3B009AD05F /* FirebaseAnalytics */ = {
			isa = XCSwiftPackageProductDependency;
			package = E66F3CD428ADDA3A009AD05F /* XCRemoteSwiftPackageReference "firebase-ios-sdk" */;
			productName = FirebaseAnalytics;
		};
		E66F3CD728ADDA3B009AD05F /* FirebaseAnalyticsSwift */ = {
			isa = XCSwiftPackageProductDependency;
			package = E66F3CD428ADDA3A009AD05F /* XCRemoteSwiftPackageReference "firebase-ios-sdk" */;
			productName = FirebaseAnalyticsSwift;
		};
		E66F3CD928ADDA3B009AD05F /* FirebaseAnalyticsWithoutAdIdSupport */ = {
			isa = XCSwiftPackageProductDependency;
			package = E66F3CD428ADDA3A009AD05F /* XCRemoteSwiftPackageReference "firebase-ios-sdk" */;
			productName = FirebaseAnalyticsWithoutAdIdSupport;
		};
		E66F3CDB28ADDA3B009AD05F /* FirebaseCrashlytics */ = {
			isa = XCSwiftPackageProductDependency;
			package = E66F3CD428ADDA3A009AD05F /* XCRemoteSwiftPackageReference "firebase-ios-sdk" */;
			productName = FirebaseCrashlytics;
		};
		E66F3CDD28ADDA3B009AD05F /* FirebasePerformance */ = {
			isa = XCSwiftPackageProductDependency;
			package = E66F3CD428ADDA3A009AD05F /* XCRemoteSwiftPackageReference "firebase-ios-sdk" */;
			productName = FirebasePerformance;
		};
		E66F3CE028ADDA66009AD05F /* JLRoutes */ = {
			isa = XCSwiftPackageProductDependency;
			package = E66F3CDF28ADDA66009AD05F /* XCRemoteSwiftPackageReference "JLRoutes" */;
			productName = JLRoutes;
		};
		E6FC7B9028AC477C00B6C850 /* FacebookCore */ = {
			isa = XCSwiftPackageProductDependency;
			package = E6FC7B8F28AC477C00B6C850 /* XCRemoteSwiftPackageReference "facebook-ios-sdk" */;
			productName = FacebookCore;
		};
		E6FC7B9228AC477C00B6C850 /* FacebookLogin */ = {
			isa = XCSwiftPackageProductDependency;
			package = E6FC7B8F28AC477C00B6C850 /* XCRemoteSwiftPackageReference "facebook-ios-sdk" */;
			productName = FacebookLogin;
		};
		E6FC7B9428AC477C00B6C850 /* FacebookShare */ = {
			isa = XCSwiftPackageProductDependency;
			package = E6FC7B8F28AC477C00B6C850 /* XCRemoteSwiftPackageReference "facebook-ios-sdk" */;
			productName = FacebookShare;
		};
/* End XCSwiftPackageProductDependency section */
	};
	rootObject = 9EB6A7A726E3EA4E007DEF4F /* Project object */;
}
